
Microsoft Visual Studio Solution File, Format Version 12.00
# Visual Studio 14
VisualStudioVersion = 14.0.25420.1
MinimumVisualStudioVersion = 10.0.40219.1
Project("{FAE04EC0-301F-11D3-BF4B-00C04F79EFBC}") = "UebungDelegates", "UebungDelegates\UebungDelegates.csproj", "{AC22B817-13FE-423F-8A89-5C7D3F6BA376}"
EndProject
Project("{FAE04EC0-301F-11D3-BF4B-00C04F79EFBC}") = "FormApplication", "FormApplication\FormApplication.csproj", "{264E8538-5CC2-48B0-8DB8-2C6E265B962E}"
EndProject
Global
	GlobalSection(SolutionConfigurationPlatforms) = preSolution
		Debug|Any CPU = Debug|Any CPU
		Release|Any CPU = Release|Any CPU
	EndGlobalSection
	GlobalSection(ProjectConfigurationPlatforms) = postSolution
		{AC22B817-13FE-423F-8A89-5C7D3F6BA376}.Debug|Any CPU.ActiveCfg = Debug|Any CPU
		{AC22B817-13FE-423F-8A89-5C7D3F6BA376}.Debug|Any CPU.Build.0 = Debug|Any CPU
		{AC22B817-13FE-423F-8A89-5C7D3F6BA376}.Release|Any CPU.ActiveCfg = Release|Any CPU
		{AC22B817-13FE-423F-8A89-5C7D3F6BA376}.Release|Any CPU.Build.0 = Release|Any CPU
		{264E8538-5CC2-48B0-8DB8-2C6E265B962E}.Debug|Any CPU.ActiveCfg = Debug|Any CPU
		{264E8538-5CC2-48B0-8DB8-2C6E265B962E}.Debug|Any CPU.Build.0 = Debug|Any CPU
		{264E8538-5CC2-48B0-8DB8-2C6E265B962E}.Release|Any CPU.ActiveCfg = Release|Any CPU
		{264E8538-5CC2-48B0-8DB8-2C6E265B962E}.Release|Any CPU.Build.0 = Release|Any CPU
	EndGlobalSection
	GlobalSection(SolutionProperties) = preSolution
		HideSolutionNode = FALSE
	EndGlobalSection
EndGlobal
