
Microsoft Visual Studio Solution File, Format Version 12.00
# Visual Studio 14
VisualStudioVersion = 14.0.23107.0
MinimumVisualStudioVersion = 10.0.40219.1
Project("{FAE04EC0-301F-11D3-BF4B-00C04F79EFBC}") = "RobotCtrl", "RobotCtrl\RobotCtrl.csproj", "{FF088598-AB96-4A25-A25D-BD54A18C2400}"
EndProject
Project("{FAE04EC0-301F-11D3-BF4B-00C04F79EFBC}") = "RobotView", "RobotView\RobotView.csproj", "{7339C0C2-AA35-401E-B260-43FC693234E0}"
EndProject
Project("{FAE04EC0-301F-11D3-BF4B-00C04F79EFBC}") = "TestConsole", "TestConsole\TestConsole.csproj", "{1F823614-0ED5-4904-89DD-93B9A03BFC9E}"
EndProject
Project("{FAE04EC0-301F-11D3-BF4B-00C04F79EFBC}") = "RobotIO", "RobotIO\RobotIO.csproj", "{6F9F0048-8A3A-49BF-BE64-DF0CE1ECAE09}"
EndProject
Project("{FAE04EC0-301F-11D3-BF4B-00C04F79EFBC}") = "TestMotor", "TestMotor\TestMotor.csproj", "{847AF673-FD72-4764-9F52-3D38B2107F66}"
EndProject
Project("{FAE04EC0-301F-11D3-BF4B-00C04F79EFBC}") = "TestDrive", "TestDrive\TestDrive.csproj", "{6372FB77-930C-4BB7-A7DE-88D15D571A60}"
EndProject
Project("{FAE04EC0-301F-11D3-BF4B-00C04F79EFBC}") = "Testat", "Testat\Testat.csproj", "{73E4802F-935B-4221-A29B-AA04E33716BF}"
EndProject
Global
	GlobalSection(SolutionConfigurationPlatforms) = preSolution
		Debug|Any CPU = Debug|Any CPU
		Release|Any CPU = Release|Any CPU
	EndGlobalSection
	GlobalSection(ProjectConfigurationPlatforms) = postSolution
		{FF088598-AB96-4A25-A25D-BD54A18C2400}.Debug|Any CPU.ActiveCfg = Debug|Any CPU
		{FF088598-AB96-4A25-A25D-BD54A18C2400}.Debug|Any CPU.Build.0 = Debug|Any CPU
		{FF088598-AB96-4A25-A25D-BD54A18C2400}.Debug|Any CPU.Deploy.0 = Debug|Any CPU
		{FF088598-AB96-4A25-A25D-BD54A18C2400}.Release|Any CPU.ActiveCfg = Release|Any CPU
		{FF088598-AB96-4A25-A25D-BD54A18C2400}.Release|Any CPU.Build.0 = Release|Any CPU
		{FF088598-AB96-4A25-A25D-BD54A18C2400}.Release|Any CPU.Deploy.0 = Release|Any CPU
		{7339C0C2-AA35-401E-B260-43FC693234E0}.Debug|Any CPU.ActiveCfg = Debug|Any CPU
		{7339C0C2-AA35-401E-B260-43FC693234E0}.Debug|Any CPU.Build.0 = Debug|Any CPU
		{7339C0C2-AA35-401E-B260-43FC693234E0}.Debug|Any CPU.Deploy.0 = Debug|Any CPU
		{7339C0C2-AA35-401E-B260-43FC693234E0}.Release|Any CPU.ActiveCfg = Release|Any CPU
		{7339C0C2-AA35-401E-B260-43FC693234E0}.Release|Any CPU.Build.0 = Release|Any CPU
		{7339C0C2-AA35-401E-B260-43FC693234E0}.Release|Any CPU.Deploy.0 = Release|Any CPU
		{1F823614-0ED5-4904-89DD-93B9A03BFC9E}.Debug|Any CPU.ActiveCfg = Debug|Any CPU
		{1F823614-0ED5-4904-89DD-93B9A03BFC9E}.Debug|Any CPU.Build.0 = Debug|Any CPU
		{1F823614-0ED5-4904-89DD-93B9A03BFC9E}.Debug|Any CPU.Deploy.0 = Debug|Any CPU
		{1F823614-0ED5-4904-89DD-93B9A03BFC9E}.Release|Any CPU.ActiveCfg = Release|Any CPU
		{1F823614-0ED5-4904-89DD-93B9A03BFC9E}.Release|Any CPU.Build.0 = Release|Any CPU
		{1F823614-0ED5-4904-89DD-93B9A03BFC9E}.Release|Any CPU.Deploy.0 = Release|Any CPU
		{6F9F0048-8A3A-49BF-BE64-DF0CE1ECAE09}.Debug|Any CPU.ActiveCfg = Debug|Any CPU
		{6F9F0048-8A3A-49BF-BE64-DF0CE1ECAE09}.Debug|Any CPU.Build.0 = Debug|Any CPU
		{6F9F0048-8A3A-49BF-BE64-DF0CE1ECAE09}.Debug|Any CPU.Deploy.0 = Debug|Any CPU
		{6F9F0048-8A3A-49BF-BE64-DF0CE1ECAE09}.Release|Any CPU.ActiveCfg = Release|Any CPU
		{6F9F0048-8A3A-49BF-BE64-DF0CE1ECAE09}.Release|Any CPU.Build.0 = Release|Any CPU
		{6F9F0048-8A3A-49BF-BE64-DF0CE1ECAE09}.Release|Any CPU.Deploy.0 = Release|Any CPU
		{847AF673-FD72-4764-9F52-3D38B2107F66}.Debug|Any CPU.ActiveCfg = Debug|Any CPU
		{847AF673-FD72-4764-9F52-3D38B2107F66}.Debug|Any CPU.Build.0 = Debug|Any CPU
		{847AF673-FD72-4764-9F52-3D38B2107F66}.Debug|Any CPU.Deploy.0 = Debug|Any CPU
		{847AF673-FD72-4764-9F52-3D38B2107F66}.Release|Any CPU.ActiveCfg = Release|Any CPU
		{847AF673-FD72-4764-9F52-3D38B2107F66}.Release|Any CPU.Build.0 = Release|Any CPU
		{847AF673-FD72-4764-9F52-3D38B2107F66}.Release|Any CPU.Deploy.0 = Release|Any CPU
		{6372FB77-930C-4BB7-A7DE-88D15D571A60}.Debug|Any CPU.ActiveCfg = Debug|Any CPU
		{6372FB77-930C-4BB7-A7DE-88D15D571A60}.Debug|Any CPU.Build.0 = Debug|Any CPU
		{6372FB77-930C-4BB7-A7DE-88D15D571A60}.Debug|Any CPU.Deploy.0 = Debug|Any CPU
		{6372FB77-930C-4BB7-A7DE-88D15D571A60}.Release|Any CPU.ActiveCfg = Release|Any CPU
		{6372FB77-930C-4BB7-A7DE-88D15D571A60}.Release|Any CPU.Build.0 = Release|Any CPU
		{6372FB77-930C-4BB7-A7DE-88D15D571A60}.Release|Any CPU.Deploy.0 = Release|Any CPU
		{73E4802F-935B-4221-A29B-AA04E33716BF}.Debug|Any CPU.ActiveCfg = Debug|Any CPU
		{73E4802F-935B-4221-A29B-AA04E33716BF}.Debug|Any CPU.Build.0 = Debug|Any CPU
		{73E4802F-935B-4221-A29B-AA04E33716BF}.Debug|Any CPU.Deploy.0 = Debug|Any CPU
		{73E4802F-935B-4221-A29B-AA04E33716BF}.Release|Any CPU.ActiveCfg = Release|Any CPU
		{73E4802F-935B-4221-A29B-AA04E33716BF}.Release|Any CPU.Build.0 = Release|Any CPU
		{73E4802F-935B-4221-A29B-AA04E33716BF}.Release|Any CPU.Deploy.0 = Release|Any CPU
	EndGlobalSection
	GlobalSection(SolutionProperties) = preSolution
		HideSolutionNode = FALSE
	EndGlobalSection
EndGlobal
